# THIS IS AN AUTOGENERATED FILE. DO NOT EDIT THIS FILE DIRECTLY.
# yarn lockfile v1


prettier@^1.0.0:
  version "1.16.2"
  resolved "https://registry.yarnpkg.com/prettier/-/prettier-1.16.2.tgz#f60bc5929a7f9a05260cc88d5430391100092414"
  integrity sha512-vBMdCn1LjrFi2CpBsiWVKOq+WP9poXDTIGPe2sG3eE33LQ3b6IUgmaMjLZKKY+frD/8FqPeEK1qAx9mOV8iruA==
